
Microsoft Visual Studio Solution File, Format Version 12.00
# Visual Studio Version 16
VisualStudioVersion = 16.0.30011.22
MinimumVisualStudioVersion = 10.0.40219.1
Project("{9A19103F-16F7-4668-BE54-9A1E7A4F7556}") = "Test", "Test\Test.csproj", "{EE540E6D-5129-44EC-A516-8B720DF56E52}"
EndProject
Project("{FAE04EC0-301F-11D3-BF4B-00C04F79EFBC}") = "Data", "Data\Data.csproj", "{6E7FB67B-263A-45F7-88BC-B8C057D62108}"
EndProject
Global
	GlobalSection(SolutionConfigurationPlatforms) = preSolution
		Debug|Any CPU = Debug|Any CPU
		Release|Any CPU = Release|Any CPU
	EndGlobalSection
	GlobalSection(ProjectConfigurationPlatforms) = postSolution
		{EE540E6D-5129-44EC-A516-8B720DF56E52}.Debug|Any CPU.ActiveCfg = Debug|Any CPU
		{EE540E6D-5129-44EC-A516-8B720DF56E52}.Debug|Any CPU.Build.0 = Debug|Any CPU
		{EE540E6D-5129-44EC-A516-8B720DF56E52}.Release|Any CPU.ActiveCfg = Release|Any CPU
		{EE540E6D-5129-44EC-A516-8B720DF56E52}.Release|Any CPU.Build.0 = Release|Any CPU
		{6E7FB67B-263A-45F7-88BC-B8C057D62108}.Debug|Any CPU.ActiveCfg = Debug|Any CPU
		{6E7FB67B-263A-45F7-88BC-B8C057D62108}.Debug|Any CPU.Build.0 = Debug|Any CPU
		{6E7FB67B-263A-45F7-88BC-B8C057D62108}.Release|Any CPU.ActiveCfg = Release|Any CPU
		{6E7FB67B-263A-45F7-88BC-B8C057D62108}.Release|Any CPU.Build.0 = Release|Any CPU
	EndGlobalSection
	GlobalSection(SolutionProperties) = preSolution
		HideSolutionNode = FALSE
	EndGlobalSection
	GlobalSection(ExtensibilityGlobals) = postSolution
		SolutionGuid = {FA1281EE-D2B6-47D4-B820-53038A597585}
	EndGlobalSection
EndGlobal
